
Microsoft Visual Studio Solution File, Format Version 14.00
# Visual Studio 14
VisualStudioVersion = 14.0.23023.0
MinimumVisualStudioVersion = 14.0.23023.0
Project("{FAE04EC0-301F-11D3-BF4B-00C04F79EFBC}") = "TrackingCollectionUITestHelper", "TrackingCollectionUITestHelper.csproj", "{07BEFA71-602E-4704-895F-5CEA9E185351}"
EndProject
Project("{FAE04EC0-301F-11D3-BF4B-00C04F79EFBC}") = "TrackingCollectionTests", "TrackingCollectionTests\TrackingCollectionTests.csproj", "{7B835A7D-CF94-45E8-B191-96F5A4FE26A8}"
EndProject
Project("{FAE04EC0-301F-11D3-BF4B-00C04F79EFBC}") = "TrackingCollection", "TrackingCollection\TrackingCollection.csproj", "{234932DA-E21A-4291-A8D0-8C36DEF24826}"
EndProject
Global
	GlobalSection(SolutionConfigurationPlatforms) = preSolution
		Debug|Any CPU = Debug|Any CPU
		Release|Any CPU = Release|Any CPU
	EndGlobalSection
	GlobalSection(ProjectConfigurationPlatforms) = postSolution
		{07BEFA71-602E-4704-895F-5CEA9E185351}.Debug|Any CPU.ActiveCfg = Debug|Any CPU
		{07BEFA71-602E-4704-895F-5CEA9E185351}.Debug|Any CPU.Build.0 = Debug|Any CPU
		{07BEFA71-602E-4704-895F-5CEA9E185351}.Release|Any CPU.ActiveCfg = Release|Any CPU
		{07BEFA71-602E-4704-895F-5CEA9E185351}.Release|Any CPU.Build.0 = Release|Any CPU
		{7B835A7D-CF94-45E8-B191-96F5A4FE26A8}.Debug|Any CPU.ActiveCfg = Debug|Any CPU
		{7B835A7D-CF94-45E8-B191-96F5A4FE26A8}.Debug|Any CPU.Build.0 = Debug|Any CPU
		{7B835A7D-CF94-45E8-B191-96F5A4FE26A8}.Release|Any CPU.ActiveCfg = Release|Any CPU
		{7B835A7D-CF94-45E8-B191-96F5A4FE26A8}.Release|Any CPU.Build.0 = Release|Any CPU
		{234932DA-E21A-4291-A8D0-8C36DEF24826}.Debug|Any CPU.ActiveCfg = Debug|Any CPU
		{234932DA-E21A-4291-A8D0-8C36DEF24826}.Debug|Any CPU.Build.0 = Debug|Any CPU
		{234932DA-E21A-4291-A8D0-8C36DEF24826}.Release|Any CPU.ActiveCfg = Release|Any CPU
		{234932DA-E21A-4291-A8D0-8C36DEF24826}.Release|Any CPU.Build.0 = Release|Any CPU
	EndGlobalSection
	GlobalSection(SolutionProperties) = preSolution
		HideSolutionNode = FALSE
	EndGlobalSection
EndGlobal
